{
  "requires": true,
  "lockfileVersion": 1,
  "dependencies": {
    "short-unique-id": {
      "version": "4.3.4",
      "resolved": "https://registry.npmjs.org/short-unique-id/-/short-unique-id-4.3.4.tgz",
      "integrity": "sha512-sfwBPo2MzZGvc0yxBXs3AzJKh/6GjArftoasTOxNg1lFiQuipEpbT0PHIExV9OvQO4z7Dm1alixgLDm204e7xw=="
    }
  }
}
